
Microsoft Visual Studio Solution File, Format Version 12.00
# Visual Studio 15
VisualStudioVersion = 15.0.27703.2047
MinimumVisualStudioVersion = 10.0.40219.1
Project("{FAE04EC0-301F-11D3-BF4B-00C04F79EFBC}") = "WhiteBoard", "WhiteBoard\WhiteBoard.csproj", "{6C7C92EF-3AE2-46CB-82AB-F9707B38D469}"
EndProject
Project("{FAE04EC0-301F-11D3-BF4B-00C04F79EFBC}") = "integerSwap", "integerSwap\integerSwap.csproj", "{2262E147-40F6-4C70-8D4F-B7BC899A7C2B}"
EndProject
Project("{FAE04EC0-301F-11D3-BF4B-00C04F79EFBC}") = "integerSwapTests", "integerSwapTests\integerSwapTests.csproj", "{5587F637-BEEA-484E-BAA8-D270798FE25E}"
EndProject
Project("{FAE04EC0-301F-11D3-BF4B-00C04F79EFBC}") = "PrimeNumber", "PrimeNumber\PrimeNumber.csproj", "{24C71121-5B84-4DC2-9B8D-7D2E60108028}"
EndProject
Project("{FAE04EC0-301F-11D3-BF4B-00C04F79EFBC}") = "PrimeNumberTests", "PrimeNumberTests\PrimeNumberTests.csproj", "{C4DB665B-51FA-4094-AC09-5FADC93E2A43}"
EndProject
Project("{FAE04EC0-301F-11D3-BF4B-00C04F79EFBC}") = "Prices", "Prices\Prices.csproj", "{65A3783C-1870-4FEB-8FB0-7DBDD643B678}"
EndProject
Project("{FAE04EC0-301F-11D3-BF4B-00C04F79EFBC}") = "DictionaryMorseCode", "DictionaryMorseCode\DictionaryMorseCode.csproj", "{ADBA0EE0-C5E4-442D-B258-D8934B3A0647}"
EndProject
Project("{FAE04EC0-301F-11D3-BF4B-00C04F79EFBC}") = "DictionaryMorseCodeTests", "DictionaryMorseCodeTests\DictionaryMorseCodeTests.csproj", "{AEEEE793-E592-46FA-A129-A3365C9C4C8B}"
EndProject
Project("{FAE04EC0-301F-11D3-BF4B-00C04F79EFBC}") = "RomanNumerals", "New\RomanNumerals.csproj", "{2A405666-02F1-40F4-8451-5CDDDAA3598B}"
EndProject
Project("{FAE04EC0-301F-11D3-BF4B-00C04F79EFBC}") = "numberReverse", "numberReverse\numberReverse.csproj", "{5E4F7DCC-5FA0-4654-89B0-C7A426B43D70}"
EndProject
Project("{FAE04EC0-301F-11D3-BF4B-00C04F79EFBC}") = "Fabnacco", "Fabnacco\Fabnacco.csproj", "{743F57F5-FDC1-464A-8BBF-D2F0C3AB28F2}"
EndProject
Project("{FAE04EC0-301F-11D3-BF4B-00C04F79EFBC}") = "BigInt", "BigInt\BigInt.csproj", "{DF0EEDBD-BB51-4546-A75A-305426646D76}"
EndProject
Project("{FAE04EC0-301F-11D3-BF4B-00C04F79EFBC}") = "oppositeNumber", "oppositeNumber\oppositeNumber.csproj", "{A4A08501-9500-40BD-817C-DCACD13BA304}"
EndProject
Project("{FAE04EC0-301F-11D3-BF4B-00C04F79EFBC}") = "oppositeNumberTests", "oppositeNumberTests\oppositeNumberTests.csproj", "{02B51363-385E-4267-8C40-5CD2EB18EDE1}"
EndProject
Project("{FAE04EC0-301F-11D3-BF4B-00C04F79EFBC}") = "FatherAndSon", "FatherAndSon\FatherAndSon.csproj", "{6E372A0D-5428-46FA-9878-1CAA91BB4BCC}"
EndProject
Project("{FAE04EC0-301F-11D3-BF4B-00C04F79EFBC}") = "FatherAndSonTests", "FatherAndSonTests\FatherAndSonTests.csproj", "{C1B2F9C3-28D7-4012-8517-70ABB6649CCD}"
EndProject
Global
	GlobalSection(SolutionConfigurationPlatforms) = preSolution
		Debug|Any CPU = Debug|Any CPU
		Release|Any CPU = Release|Any CPU
	EndGlobalSection
	GlobalSection(ProjectConfigurationPlatforms) = postSolution
		{6C7C92EF-3AE2-46CB-82AB-F9707B38D469}.Debug|Any CPU.ActiveCfg = Debug|Any CPU
		{6C7C92EF-3AE2-46CB-82AB-F9707B38D469}.Debug|Any CPU.Build.0 = Debug|Any CPU
		{6C7C92EF-3AE2-46CB-82AB-F9707B38D469}.Release|Any CPU.ActiveCfg = Release|Any CPU
		{6C7C92EF-3AE2-46CB-82AB-F9707B38D469}.Release|Any CPU.Build.0 = Release|Any CPU
		{2262E147-40F6-4C70-8D4F-B7BC899A7C2B}.Debug|Any CPU.ActiveCfg = Debug|Any CPU
		{2262E147-40F6-4C70-8D4F-B7BC899A7C2B}.Debug|Any CPU.Build.0 = Debug|Any CPU
		{2262E147-40F6-4C70-8D4F-B7BC899A7C2B}.Release|Any CPU.ActiveCfg = Release|Any CPU
		{2262E147-40F6-4C70-8D4F-B7BC899A7C2B}.Release|Any CPU.Build.0 = Release|Any CPU
		{5587F637-BEEA-484E-BAA8-D270798FE25E}.Debug|Any CPU.ActiveCfg = Debug|Any CPU
		{5587F637-BEEA-484E-BAA8-D270798FE25E}.Debug|Any CPU.Build.0 = Debug|Any CPU
		{5587F637-BEEA-484E-BAA8-D270798FE25E}.Release|Any CPU.ActiveCfg = Release|Any CPU
		{5587F637-BEEA-484E-BAA8-D270798FE25E}.Release|Any CPU.Build.0 = Release|Any CPU
		{24C71121-5B84-4DC2-9B8D-7D2E60108028}.Debug|Any CPU.ActiveCfg = Debug|Any CPU
		{24C71121-5B84-4DC2-9B8D-7D2E60108028}.Debug|Any CPU.Build.0 = Debug|Any CPU
		{24C71121-5B84-4DC2-9B8D-7D2E60108028}.Release|Any CPU.ActiveCfg = Release|Any CPU
		{24C71121-5B84-4DC2-9B8D-7D2E60108028}.Release|Any CPU.Build.0 = Release|Any CPU
		{C4DB665B-51FA-4094-AC09-5FADC93E2A43}.Debug|Any CPU.ActiveCfg = Debug|Any CPU
		{C4DB665B-51FA-4094-AC09-5FADC93E2A43}.Debug|Any CPU.Build.0 = Debug|Any CPU
		{C4DB665B-51FA-4094-AC09-5FADC93E2A43}.Release|Any CPU.ActiveCfg = Release|Any CPU
		{C4DB665B-51FA-4094-AC09-5FADC93E2A43}.Release|Any CPU.Build.0 = Release|Any CPU
		{65A3783C-1870-4FEB-8FB0-7DBDD643B678}.Debug|Any CPU.ActiveCfg = Debug|Any CPU
		{65A3783C-1870-4FEB-8FB0-7DBDD643B678}.Debug|Any CPU.Build.0 = Debug|Any CPU
		{65A3783C-1870-4FEB-8FB0-7DBDD643B678}.Release|Any CPU.ActiveCfg = Release|Any CPU
		{65A3783C-1870-4FEB-8FB0-7DBDD643B678}.Release|Any CPU.Build.0 = Release|Any CPU
		{ADBA0EE0-C5E4-442D-B258-D8934B3A0647}.Debug|Any CPU.ActiveCfg = Debug|Any CPU
		{ADBA0EE0-C5E4-442D-B258-D8934B3A0647}.Debug|Any CPU.Build.0 = Debug|Any CPU
		{ADBA0EE0-C5E4-442D-B258-D8934B3A0647}.Release|Any CPU.ActiveCfg = Release|Any CPU
		{ADBA0EE0-C5E4-442D-B258-D8934B3A0647}.Release|Any CPU.Build.0 = Release|Any CPU
		{AEEEE793-E592-46FA-A129-A3365C9C4C8B}.Debug|Any CPU.ActiveCfg = Debug|Any CPU
		{AEEEE793-E592-46FA-A129-A3365C9C4C8B}.Debug|Any CPU.Build.0 = Debug|Any CPU
		{AEEEE793-E592-46FA-A129-A3365C9C4C8B}.Release|Any CPU.ActiveCfg = Release|Any CPU
		{AEEEE793-E592-46FA-A129-A3365C9C4C8B}.Release|Any CPU.Build.0 = Release|Any CPU
		{2A405666-02F1-40F4-8451-5CDDDAA3598B}.Debug|Any CPU.ActiveCfg = Debug|Any CPU
		{2A405666-02F1-40F4-8451-5CDDDAA3598B}.Debug|Any CPU.Build.0 = Debug|Any CPU
		{2A405666-02F1-40F4-8451-5CDDDAA3598B}.Release|Any CPU.ActiveCfg = Release|Any CPU
		{2A405666-02F1-40F4-8451-5CDDDAA3598B}.Release|Any CPU.Build.0 = Release|Any CPU
		{5E4F7DCC-5FA0-4654-89B0-C7A426B43D70}.Debug|Any CPU.ActiveCfg = Debug|Any CPU
		{5E4F7DCC-5FA0-4654-89B0-C7A426B43D70}.Debug|Any CPU.Build.0 = Debug|Any CPU
		{5E4F7DCC-5FA0-4654-89B0-C7A426B43D70}.Release|Any CPU.ActiveCfg = Release|Any CPU
		{5E4F7DCC-5FA0-4654-89B0-C7A426B43D70}.Release|Any CPU.Build.0 = Release|Any CPU
		{743F57F5-FDC1-464A-8BBF-D2F0C3AB28F2}.Debug|Any CPU.ActiveCfg = Debug|Any CPU
		{743F57F5-FDC1-464A-8BBF-D2F0C3AB28F2}.Debug|Any CPU.Build.0 = Debug|Any CPU
		{743F57F5-FDC1-464A-8BBF-D2F0C3AB28F2}.Release|Any CPU.ActiveCfg = Release|Any CPU
		{743F57F5-FDC1-464A-8BBF-D2F0C3AB28F2}.Release|Any CPU.Build.0 = Release|Any CPU
		{DF0EEDBD-BB51-4546-A75A-305426646D76}.Debug|Any CPU.ActiveCfg = Debug|Any CPU
		{DF0EEDBD-BB51-4546-A75A-305426646D76}.Debug|Any CPU.Build.0 = Debug|Any CPU
		{DF0EEDBD-BB51-4546-A75A-305426646D76}.Release|Any CPU.ActiveCfg = Release|Any CPU
		{DF0EEDBD-BB51-4546-A75A-305426646D76}.Release|Any CPU.Build.0 = Release|Any CPU
		{A4A08501-9500-40BD-817C-DCACD13BA304}.Debug|Any CPU.ActiveCfg = Debug|Any CPU
		{A4A08501-9500-40BD-817C-DCACD13BA304}.Debug|Any CPU.Build.0 = Debug|Any CPU
		{A4A08501-9500-40BD-817C-DCACD13BA304}.Release|Any CPU.ActiveCfg = Release|Any CPU
		{A4A08501-9500-40BD-817C-DCACD13BA304}.Release|Any CPU.Build.0 = Release|Any CPU
		{02B51363-385E-4267-8C40-5CD2EB18EDE1}.Debug|Any CPU.ActiveCfg = Debug|Any CPU
		{02B51363-385E-4267-8C40-5CD2EB18EDE1}.Debug|Any CPU.Build.0 = Debug|Any CPU
		{02B51363-385E-4267-8C40-5CD2EB18EDE1}.Release|Any CPU.ActiveCfg = Release|Any CPU
		{02B51363-385E-4267-8C40-5CD2EB18EDE1}.Release|Any CPU.Build.0 = Release|Any CPU
		{6E372A0D-5428-46FA-9878-1CAA91BB4BCC}.Debug|Any CPU.ActiveCfg = Debug|Any CPU
		{6E372A0D-5428-46FA-9878-1CAA91BB4BCC}.Debug|Any CPU.Build.0 = Debug|Any CPU
		{6E372A0D-5428-46FA-9878-1CAA91BB4BCC}.Release|Any CPU.ActiveCfg = Release|Any CPU
		{6E372A0D-5428-46FA-9878-1CAA91BB4BCC}.Release|Any CPU.Build.0 = Release|Any CPU
		{C1B2F9C3-28D7-4012-8517-70ABB6649CCD}.Debug|Any CPU.ActiveCfg = Debug|Any CPU
		{C1B2F9C3-28D7-4012-8517-70ABB6649CCD}.Debug|Any CPU.Build.0 = Debug|Any CPU
		{C1B2F9C3-28D7-4012-8517-70ABB6649CCD}.Release|Any CPU.ActiveCfg = Release|Any CPU
		{C1B2F9C3-28D7-4012-8517-70ABB6649CCD}.Release|Any CPU.Build.0 = Release|Any CPU
	EndGlobalSection
	GlobalSection(SolutionProperties) = preSolution
		HideSolutionNode = FALSE
	EndGlobalSection
	GlobalSection(ExtensibilityGlobals) = postSolution
		SolutionGuid = {A44FA53B-E630-4DD0-A27A-BD2D13A17B52}
	EndGlobalSection
EndGlobal
